
Microsoft Visual Studio Solution File, Format Version 12.00
# Visual Studio Version 16
VisualStudioVersion = 16.0.34601.136
MinimumVisualStudioVersion = 10.0.40219.1
Project("{FAE04EC0-301F-11D3-BF4B-00C04F79EFBC}") = "11-Enums", "11-Enums.csproj", "{80686FD6-84E4-4750-A5E3-F1460D835201}"
EndProject
Global
	GlobalSection(SolutionConfigurationPlatforms) = preSolution
		Debug|Any CPU = Debug|Any CPU
		Release|Any CPU = Release|Any CPU
	EndGlobalSection
	GlobalSection(ProjectConfigurationPlatforms) = postSolution
		{80686FD6-84E4-4750-A5E3-F1460D835201}.Debug|Any CPU.ActiveCfg = Debug|Any CPU
		{80686FD6-84E4-4750-A5E3-F1460D835201}.Debug|Any CPU.Build.0 = Debug|Any CPU
		{80686FD6-84E4-4750-A5E3-F1460D835201}.Release|Any CPU.ActiveCfg = Release|Any CPU
		{80686FD6-84E4-4750-A5E3-F1460D835201}.Release|Any CPU.Build.0 = Release|Any CPU
	EndGlobalSection
	GlobalSection(SolutionProperties) = preSolution
		HideSolutionNode = FALSE
	EndGlobalSection
	GlobalSection(ExtensibilityGlobals) = postSolution
		SolutionGuid = {7BC431D5-3347-4ECD-80FE-FDE9896396F5}
	EndGlobalSection
EndGlobal
