
Microsoft Visual Studio Solution File, Format Version 12.00
# Visual Studio Version 16
VisualStudioVersion = 16.0.34729.46
MinimumVisualStudioVersion = 10.0.40219.1
Project("{FAE04EC0-301F-11D3-BF4B-00C04F79EFBC}") = "Rich TextBox", "Rich TextBox\Rich TextBox.csproj", "{CA8DC3B2-4A26-4D4A-ABEE-7AA79A500F06}"
EndProject
Global
	GlobalSection(SolutionConfigurationPlatforms) = preSolution
		Debug|Any CPU = Debug|Any CPU
		Release|Any CPU = Release|Any CPU
	EndGlobalSection
	GlobalSection(ProjectConfigurationPlatforms) = postSolution
		{CA8DC3B2-4A26-4D4A-ABEE-7AA79A500F06}.Debug|Any CPU.ActiveCfg = Debug|Any CPU
		{CA8DC3B2-4A26-4D4A-ABEE-7AA79A500F06}.Debug|Any CPU.Build.0 = Debug|Any CPU
		{CA8DC3B2-4A26-4D4A-ABEE-7AA79A500F06}.Release|Any CPU.ActiveCfg = Release|Any CPU
		{CA8DC3B2-4A26-4D4A-ABEE-7AA79A500F06}.Release|Any CPU.Build.0 = Release|Any CPU
	EndGlobalSection
	GlobalSection(SolutionProperties) = preSolution
		HideSolutionNode = FALSE
	EndGlobalSection
	GlobalSection(ExtensibilityGlobals) = postSolution
		SolutionGuid = {034C8FA6-F2B6-48CE-BECA-DF959A3FE0E5}
	EndGlobalSection
EndGlobal
