
Microsoft Visual Studio Solution File, Format Version 12.00
# Visual Studio Version 16
VisualStudioVersion = 16.0.34729.46
MinimumVisualStudioVersion = 10.0.40219.1
Project("{FAE04EC0-301F-11D3-BF4B-00C04F79EFBC}") = "List View", "List View\List View.csproj", "{7BC37B83-6CFD-4BB5-BBF7-3C3495469A2B}"
EndProject
Global
	GlobalSection(SolutionConfigurationPlatforms) = preSolution
		Debug|Any CPU = Debug|Any CPU
		Release|Any CPU = Release|Any CPU
	EndGlobalSection
	GlobalSection(ProjectConfigurationPlatforms) = postSolution
		{7BC37B83-6CFD-4BB5-BBF7-3C3495469A2B}.Debug|Any CPU.ActiveCfg = Debug|Any CPU
		{7BC37B83-6CFD-4BB5-BBF7-3C3495469A2B}.Debug|Any CPU.Build.0 = Debug|Any CPU
		{7BC37B83-6CFD-4BB5-BBF7-3C3495469A2B}.Release|Any CPU.ActiveCfg = Release|Any CPU
		{7BC37B83-6CFD-4BB5-BBF7-3C3495469A2B}.Release|Any CPU.Build.0 = Release|Any CPU
	EndGlobalSection
	GlobalSection(SolutionProperties) = preSolution
		HideSolutionNode = FALSE
	EndGlobalSection
	GlobalSection(ExtensibilityGlobals) = postSolution
		SolutionGuid = {81FE1E6D-A84C-4385-8FF1-A9DBBFC74ADD}
	EndGlobalSection
EndGlobal
