
Microsoft Visual Studio Solution File, Format Version 12.00
# Visual Studio Version 16
VisualStudioVersion = 16.0.34729.46
MinimumVisualStudioVersion = 10.0.40219.1
Project("{FAE04EC0-301F-11D3-BF4B-00C04F79EFBC}") = "Button Control", "Button Control\Button Control.csproj", "{266C9CFB-4F42-4DFA-BDEB-1700E8836C93}"
EndProject
Global
	GlobalSection(SolutionConfigurationPlatforms) = preSolution
		Debug|Any CPU = Debug|Any CPU
		Release|Any CPU = Release|Any CPU
	EndGlobalSection
	GlobalSection(ProjectConfigurationPlatforms) = postSolution
		{266C9CFB-4F42-4DFA-BDEB-1700E8836C93}.Debug|Any CPU.ActiveCfg = Debug|Any CPU
		{266C9CFB-4F42-4DFA-BDEB-1700E8836C93}.Debug|Any CPU.Build.0 = Debug|Any CPU
		{266C9CFB-4F42-4DFA-BDEB-1700E8836C93}.Release|Any CPU.ActiveCfg = Release|Any CPU
		{266C9CFB-4F42-4DFA-BDEB-1700E8836C93}.Release|Any CPU.Build.0 = Release|Any CPU
	EndGlobalSection
	GlobalSection(SolutionProperties) = preSolution
		HideSolutionNode = FALSE
	EndGlobalSection
	GlobalSection(ExtensibilityGlobals) = postSolution
		SolutionGuid = {5AB1F885-F647-4027-B248-9E612D51C1DB}
	EndGlobalSection
EndGlobal
